// !$*UTF8*$!
{
	archiveVersion = 1;
	classes = {
	};
	objectVersion = 48;
	objects = {

/* Begin PBXBuildFile section */
		EB0904F31FE7FC6A00B649F8 /* BikesViewController.swift in Sources */ = {isa = PBXBuildFile; fileRef = EB0904F21FE7FC6A00B649F8 /* BikesViewController.swift */; };
		EB0904F51FE8013500B649F8 /* CoreLocation.framework in Frameworks */ = {isa = PBXBuildFile; fileRef = EB0904F41FE8012A00B649F8 /* CoreLocation.framework */; };
		EB0904FA1FE8185F00B649F8 /* BikeCollectionViewCell.swift in Sources */ = {isa = PBXBuildFile; fileRef = EB0904F91FE8185F00B649F8 /* BikeCollectionViewCell.swift */; };
		EBBF0D211FE7CCF900F937B7 /* AppDelegate.swift in Sources */ = {isa = PBXBuildFile; fileRef = EBBF0D201FE7CCF900F937B7 /* AppDelegate.swift */; };
		EBBF0D231FE7CCF900F937B7 /* ViewController.swift in Sources */ = {isa = PBXBuildFile; fileRef = EBBF0D221FE7CCF900F937B7 /* ViewController.swift */; };
		EBBF0D261FE7CCF900F937B7 /* Main.storyboard in Resources */ = {isa = PBXBuildFile; fileRef = EBBF0D241FE7CCF900F937B7 /* Main.storyboard */; };
		EBBF0D281FE7CCF900F937B7 /* Assets.xcassets in Resources */ = {isa = PBXBuildFile; fileRef = EBBF0D271FE7CCF900F937B7 /* Assets.xcassets */; };
		EBBF0D2B1FE7CCF900F937B7 /* LaunchScreen.storyboard in Resources */ = {isa = PBXBuildFile; fileRef = EBBF0D291FE7CCF900F937B7 /* LaunchScreen.storyboard */; };
		EBBF0D331FE7CD3A00F937B7 /* GoogleService-Info.plist in Resources */ = {isa = PBXBuildFile; fileRef = EBBF0D321FE7CD3A00F937B7 /* GoogleService-Info.plist */; };
		F281BA0FE5C7B5DED1241D5D /* Pods_Libike.framework in Frameworks */ = {isa = PBXBuildFile; fileRef = EA836737FFD71FBF53AB7A46 /* Pods_Libike.framework */; };
/* End PBXBuildFile section */

/* Begin PBXFileReference section */
		01CC1EC9FAF09B069BCC452B /* Pods-Libike.debug.xcconfig */ = {isa = PBXFileReference; includeInIndex = 1; lastKnownFileType = text.xcconfig; name = "Pods-Libike.debug.xcconfig"; path = "Pods/Target Support Files/Pods-Libike/Pods-Libike.debug.xcconfig"; sourceTree = "<group>"; };
		C004CE094EDB72292C111421 /* Pods-Libike.release.xcconfig */ = {isa = PBXFileReference; includeInIndex = 1; lastKnownFileType = text.xcconfig; name = "Pods-Libike.release.xcconfig"; path = "Pods/Target Support Files/Pods-Libike/Pods-Libike.release.xcconfig"; sourceTree = "<group>"; };
		EA836737FFD71FBF53AB7A46 /* Pods_Libike.framework */ = {isa = PBXFileReference; explicitFileType = wrapper.framework; includeInIndex = 0; path = Pods_Libike.framework; sourceTree = BUILT_PRODUCTS_DIR; };
		EB0904F21FE7FC6A00B649F8 /* BikesViewController.swift */ = {isa = PBXFileReference; lastKnownFileType = sourcecode.swift; path = BikesViewController.swift; sourceTree = "<group>"; };
		EB0904F41FE8012A00B649F8 /* CoreLocation.framework */ = {isa = PBXFileReference; lastKnownFileType = wrapper.framework; name = CoreLocation.framework; path = System/Library/Frameworks/CoreLocation.framework; sourceTree = SDKROOT; };
		EB0904F91FE8185F00B649F8 /* BikeCollectionViewCell.swift */ = {isa = PBXFileReference; lastKnownFileType = sourcecode.swift; path = BikeCollectionViewCell.swift; sourceTree = "<group>"; };
		EBBF0D1D1FE7CCF900F937B7 /* Libike.app */ = {isa = PBXFileReference; explicitFileType = wrapper.application; includeInIndex = 0; path = Libike.app; sourceTree = BUILT_PRODUCTS_DIR; };
		EBBF0D201FE7CCF900F937B7 /* AppDelegate.swift */ = {isa = PBXFileReference; lastKnownFileType = sourcecode.swift; path = AppDelegate.swift; sourceTree = "<group>"; };
		EBBF0D221FE7CCF900F937B7 /* ViewController.swift */ = {isa = PBXFileReference; lastKnownFileType = sourcecode.swift; path = ViewController.swift; sourceTree = "<group>"; };
		EBBF0D251FE7CCF900F937B7 /* Base */ = {isa = PBXFileReference; lastKnownFileType = file.storyboard; name = Base; path = Base.lproj/Main.storyboard; sourceTree = "<group>"; };
		EBBF0D271FE7CCF900F937B7 /* Assets.xcassets */ = {isa = PBXFileReference; lastKnownFileType = folder.assetcatalog; path = Assets.xcassets; sourceTree = "<group>"; };
		EBBF0D2A1FE7CCF900F937B7 /* Base */ = {isa = PBXFileReference; lastKnownFileType = file.storyboard; name = Base; path = Base.lproj/LaunchScreen.storyboard; sourceTree = "<group>"; };
		EBBF0D2C1FE7CCF900F937B7 /* Info.plist */ = {isa = PBXFileReference; lastKnownFileType = text.plist.xml; path = Info.plist; sourceTree = "<group>"; };
		EBBF0D321FE7CD3A00F937B7 /* GoogleService-Info.plist */ = {isa = PBXFileReference; fileEncoding = 4; lastKnownFileType = text.plist.xml; name = "GoogleService-Info.plist"; path = "../../../../Downloads/GoogleService-Info.plist"; sourceTree = "<group>"; };
/* End PBXFileReference section */

/* Begin PBXFrameworksBuildPhase section */
		EBBF0D1A1FE7CCF900F937B7 /* Frameworks */ = {
			isa = PBXFrameworksBuildPhase;
			buildActionMask = 2147483647;
			files = (
				EB0904F51FE8013500B649F8 /* CoreLocation.framework in Frameworks */,
				F281BA0FE5C7B5DED1241D5D /* Pods_Libike.framework in Frameworks */,
			);
			runOnlyForDeploymentPostprocessing = 0;
		};
/* End PBXFrameworksBuildPhase section */

/* Begin PBXGroup section */
		88D7EA8951E92AECD35FC016 /* Frameworks */ = {
			isa = PBXGroup;
			children = (
				EB0904F41FE8012A00B649F8 /* CoreLocation.framework */,
				EA836737FFD71FBF53AB7A46 /* Pods_Libike.framework */,
			);
			name = Frameworks;
			sourceTree = "<group>";
		};
		EB0904F11FE7FC5100B649F8 /* ViewControllers */ = {
			isa = PBXGroup;
			children = (
				EBBF0D221FE7CCF900F937B7 /* ViewController.swift */,
				EB0904F21FE7FC6A00B649F8 /* BikesViewController.swift */,
			);
			path = ViewControllers;
			sourceTree = "<group>";
		};
		EB0904F61FE812DB00B649F8 /* Cells */ = {
			isa = PBXGroup;
			children = (
				EB0904F91FE8185F00B649F8 /* BikeCollectionViewCell.swift */,
			);
			path = Cells;
			sourceTree = "<group>";
		};
		EBBF0D141FE7CCF900F937B7 = {
			isa = PBXGroup;
			children = (
				EBBF0D1F1FE7CCF900F937B7 /* Libike */,
				EBBF0D1E1FE7CCF900F937B7 /* Products */,
				F0A5A3BAA9A1299DD8E8BA14 /* Pods */,
				88D7EA8951E92AECD35FC016 /* Frameworks */,
			);
			sourceTree = "<group>";
		};
		EBBF0D1E1FE7CCF900F937B7 /* Products */ = {
			isa = PBXGroup;
			children = (
				EBBF0D1D1FE7CCF900F937B7 /* Libike.app */,
			);
			name = Products;
			sourceTree = "<group>";
		};
		EBBF0D1F1FE7CCF900F937B7 /* Libike */ = {
			isa = PBXGroup;
			children = (
				EB0904F61FE812DB00B649F8 /* Cells */,
				EB0904F11FE7FC5100B649F8 /* ViewControllers */,
				EBBF0D201FE7CCF900F937B7 /* AppDelegate.swift */,
				EBBF0D241FE7CCF900F937B7 /* Main.storyboard */,
				EBBF0D271FE7CCF900F937B7 /* Assets.xcassets */,
				EBBF0D291FE7CCF900F937B7 /* LaunchScreen.storyboard */,
				EBBF0D2C1FE7CCF900F937B7 /* Info.plist */,
				EBBF0D321FE7CD3A00F937B7 /* GoogleService-Info.plist */,
			);
			path = Libike;
			sourceTree = "<group>";
		};
		F0A5A3BAA9A1299DD8E8BA14 /* Pods */ = {
			isa = PBXGroup;
			children = (
				01CC1EC9FAF09B069BCC452B /* Pods-Libike.debug.xcconfig */,
				C004CE094EDB72292C111421 /* Pods-Libike.release.xcconfig */,
			);
			name = Pods;
			sourceTree = "<group>";
		};
/* End PBXGroup section */

/* Begin PBXNativeTarget section */
		EBBF0D1C1FE7CCF900F937B7 /* Libike */ = {
			isa = PBXNativeTarget;
			buildConfigurationList = EBBF0D2F1FE7CCF900F937B7 /* Build configuration list for PBXNativeTarget "Libike" */;
			buildPhases = (
				4831EFA1E5A420D11467E196 /* [CP] Check Pods Manifest.lock */,
				EBBF0D191FE7CCF900F937B7 /* Sources */,
				EBBF0D1A1FE7CCF900F937B7 /* Frameworks */,
				EBBF0D1B1FE7CCF900F937B7 /* Resources */,
				796E9E48C8CB7418A3B98DD9 /* [CP] Embed Pods Frameworks */,
				D4D0E81EBB07A0E632EE1B37 /* [CP] Copy Pods Resources */,
			);
			buildRules = (
			);
			dependencies = (
			);
			name = Libike;
			productName = Libike;
			productReference = EBBF0D1D1FE7CCF900F937B7 /* Libike.app */;
			productType = "com.apple.product-type.application";
		};
/* End PBXNativeTarget section */

/* Begin PBXProject section */
		EBBF0D151FE7CCF900F937B7 /* Project object */ = {
			isa = PBXProject;
			attributes = {
				LastSwiftUpdateCheck = 0910;
				LastUpgradeCheck = 0910;
				ORGANIZATIONNAME = clementvion;
				TargetAttributes = {
					EBBF0D1C1FE7CCF900F937B7 = {
						CreatedOnToolsVersion = 9.1;
						ProvisioningStyle = Automatic;
					};
				};
			};
			buildConfigurationList = EBBF0D181FE7CCF900F937B7 /* Build configuration list for PBXProject "Libike" */;
			compatibilityVersion = "Xcode 8.0";
			developmentRegion = en;
			hasScannedForEncodings = 0;
			knownRegions = (
				en,
				Base,
			);
			mainGroup = EBBF0D141FE7CCF900F937B7;
			productRefGroup = EBBF0D1E1FE7CCF900F937B7 /* Products */;
			projectDirPath = "";
			projectRoot = "";
			targets = (
				EBBF0D1C1FE7CCF900F937B7 /* Libike */,
			);
		};
/* End PBXProject section */

/* Begin PBXResourcesBuildPhase section */
		EBBF0D1B1FE7CCF900F937B7 /* Resources */ = {
			isa = PBXResourcesBuildPhase;
			buildActionMask = 2147483647;
			files = (
				EBBF0D2B1FE7CCF900F937B7 /* LaunchScreen.storyboard in Resources */,
				EBBF0D331FE7CD3A00F937B7 /* GoogleService-Info.plist in Resources */,
				EBBF0D281FE7CCF900F937B7 /* Assets.xcassets in Resources */,
				EBBF0D261FE7CCF900F937B7 /* Main.storyboard in Resources */,
			);
			runOnlyForDeploymentPostprocessing = 0;
		};
/* End PBXResourcesBuildPhase section */

/* Begin PBXShellScriptBuildPhase section */
		4831EFA1E5A420D11467E196 /* [CP] Check Pods Manifest.lock */ = {
			isa = PBXShellScriptBuildPhase;
			buildActionMask = 2147483647;
			files = (
			);
			inputPaths = (
				"${PODS_PODFILE_DIR_PATH}/Podfile.lock",
				"${PODS_ROOT}/Manifest.lock",
			);
			name = "[CP] Check Pods Manifest.lock";
			outputPaths = (
				"$(DERIVED_FILE_DIR)/Pods-Libike-checkManifestLockResult.txt",
			);
			runOnlyForDeploymentPostprocessing = 0;
			shellPath = /bin/sh;
			shellScript = "diff \"${PODS_PODFILE_DIR_PATH}/Podfile.lock\" \"${PODS_ROOT}/Manifest.lock\" > /dev/null\nif [ $? != 0 ] ; then\n    # print error to STDERR\n    echo \"error: The sandbox is not in sync with the Podfile.lock. Run 'pod install' or update your CocoaPods installation.\" >&2\n    exit 1\nfi\n# This output is used by Xcode 'outputs' to avoid re-running this script phase.\necho \"SUCCESS\" > \"${SCRIPT_OUTPUT_FILE_0}\"\n";
			showEnvVarsInLog = 0;
		};
		796E9E48C8CB7418A3B98DD9 /* [CP] Embed Pods Frameworks */ = {
			isa = PBXShellScriptBuildPhase;
			buildActionMask = 2147483647;
			files = (
			);
			inputPaths = (
				"${SRCROOT}/Pods/Target Support Files/Pods-Libike/Pods-Libike-frameworks.sh",
				"${BUILT_PRODUCTS_DIR}/GoogleToolboxForMac/GoogleToolboxForMac.framework",
				"${BUILT_PRODUCTS_DIR}/leveldb-library/leveldb.framework",
				"${BUILT_PRODUCTS_DIR}/nanopb/nanopb.framework",
			);
			name = "[CP] Embed Pods Frameworks";
			outputPaths = (
				"${TARGET_BUILD_DIR}/${FRAMEWORKS_FOLDER_PATH}/GoogleToolboxForMac.framework",
				"${TARGET_BUILD_DIR}/${FRAMEWORKS_FOLDER_PATH}/leveldb.framework",
				"${TARGET_BUILD_DIR}/${FRAMEWORKS_FOLDER_PATH}/nanopb.framework",
			);
			runOnlyForDeploymentPostprocessing = 0;
			shellPath = /bin/sh;
			shellScript = "\"${SRCROOT}/Pods/Target Support Files/Pods-Libike/Pods-Libike-frameworks.sh\"\n";
			showEnvVarsInLog = 0;
		};
		D4D0E81EBB07A0E632EE1B37 /* [CP] Copy Pods Resources */ = {
			isa = PBXShellScriptBuildPhase;
			buildActionMask = 2147483647;
			files = (
			);
			inputPaths = (
			);
			name = "[CP] Copy Pods Resources";
			outputPaths = (
			);
			runOnlyForDeploymentPostprocessing = 0;
			shellPath = /bin/sh;
			shellScript = "\"${SRCROOT}/Pods/Target Support Files/Pods-Libike/Pods-Libike-resources.sh\"\n";
			showEnvVarsInLog = 0;
		};
/* End PBXShellScriptBuildPhase section */

/* Begin PBXSourcesBuildPhase section */
		EBBF0D191FE7CCF900F937B7 /* Sources */ = {
			isa = PBXSourcesBuildPhase;
			buildActionMask = 2147483647;
			files = (
				EBBF0D231FE7CCF900F937B7 /* ViewController.swift in Sources */,
				EB0904FA1FE8185F00B649F8 /* BikeCollectionViewCell.swift in Sources */,
				EB0904F31FE7FC6A00B649F8 /* BikesViewController.swift in Sources */,
				EBBF0D211FE7CCF900F937B7 /* AppDelegate.swift in Sources */,
			);
			runOnlyForDeploymentPostprocessing = 0;
		};
/* End PBXSourcesBuildPhase section */

/* Begin PBXVariantGroup section */
		EBBF0D241FE7CCF900F937B7 /* Main.storyboard */ = {
			isa = PBXVariantGroup;
			children = (
				EBBF0D251FE7CCF900F937B7 /* Base */,
			);
			name = Main.storyboard;
			sourceTree = "<group>";
		};
		EBBF0D291FE7CCF900F937B7 /* LaunchScreen.storyboard */ = {
			isa = PBXVariantGroup;
			children = (
				EBBF0D2A1FE7CCF900F937B7 /* Base */,
			);
			name = LaunchScreen.storyboard;
			sourceTree = "<group>";
		};
/* End PBXVariantGroup section */

/* Begin XCBuildConfiguration section */
		EBBF0D2D1FE7CCF900F937B7 /* Debug */ = {
			isa = XCBuildConfiguration;
			buildSettings = {
				ALWAYS_SEARCH_USER_PATHS = NO;
				CLANG_ANALYZER_NONNULL = YES;
				CLANG_ANALYZER_NUMBER_OBJECT_CONVERSION = YES_AGGRESSIVE;
				CLANG_CXX_LANGUAGE_STANDARD = "gnu++14";
				CLANG_CXX_LIBRARY = "libc++";
				CLANG_ENABLE_MODULES = YES;
				CLANG_ENABLE_OBJC_ARC = YES;
				CLANG_WARN_BLOCK_CAPTURE_AUTORELEASING = YES;
				CLANG_WARN_BOOL_CONVERSION = YES;
				CLANG_WARN_COMMA = YES;
				CLANG_WARN_CONSTANT_CONVERSION = YES;
				CLANG_WARN_DIRECT_OBJC_ISA_USAGE = YES_ERROR;
				CLANG_WARN_DOCUMENTATION_COMMENTS = YES;
				CLANG_WARN_EMPTY_BODY = YES;
				CLANG_WARN_ENUM_CONVERSION = YES;
				CLANG_WARN_INFINITE_RECURSION = YES;
				CLANG_WARN_INT_CONVERSION = YES;
				CLANG_WARN_NON_LITERAL_NULL_CONVERSION = YES;
				CLANG_WARN_OBJC_LITERAL_CONVERSION = YES;
				CLANG_WARN_OBJC_ROOT_CLASS = YES_ERROR;
				CLANG_WARN_RANGE_LOOP_ANALYSIS = YES;
				CLANG_WARN_STRICT_PROTOTYPES = YES;
				CLANG_WARN_SUSPICIOUS_MOVE = YES;
				CLANG_WARN_UNGUARDED_AVAILABILITY = YES_AGGRESSIVE;
				CLANG_WARN_UNREACHABLE_CODE = YES;
				CLANG_WARN__DUPLICATE_METHOD_MATCH = YES;
				CODE_SIGN_IDENTITY = "iPhone Developer";
				COPY_PHASE_STRIP = NO;
				DEBUG_INFORMATION_FORMAT = dwarf;
				ENABLE_STRICT_OBJC_MSGSEND = YES;
				ENABLE_TESTABILITY = YES;
				GCC_C_LANGUAGE_STANDARD = gnu11;
				GCC_DYNAMIC_NO_PIC = NO;
				GCC_NO_COMMON_BLOCKS = YES;
				GCC_OPTIMIZATION_LEVEL = 0;
				GCC_PREPROCESSOR_DEFINITIONS = (
					"DEBUG=1",
					"$(inherited)",
				);
				GCC_WARN_64_TO_32_BIT_CONVERSION = YES;
				GCC_WARN_ABOUT_RETURN_TYPE = YES_ERROR;
				GCC_WARN_UNDECLARED_SELECTOR = YES;
				GCC_WARN_UNINITIALIZED_AUTOS = YES_AGGRESSIVE;
				GCC_WARN_UNUSED_FUNCTION = YES;
				GCC_WARN_UNUSED_VARIABLE = YES;
				IPHONEOS_DEPLOYMENT_TARGET = 11.1;
				MTL_ENABLE_DEBUG_INFO = YES;
				ONLY_ACTIVE_ARCH = YES;
				SDKROOT = iphoneos;
				SWIFT_ACTIVE_COMPILATION_CONDITIONS = DEBUG;
				SWIFT_OPTIMIZATION_LEVEL = "-Onone";
			};
			name = Debug;
		};
		EBBF0D2E1FE7CCF900F937B7 /* Release */ = {
			isa = XCBuildConfiguration;
			buildSettings = {
				ALWAYS_SEARCH_USER_PATHS = NO;
				CLANG_ANALYZER_NONNULL = YES;
				CLANG_ANALYZER_NUMBER_OBJECT_CONVERSION = YES_AGGRESSIVE;
				CLANG_CXX_LANGUAGE_STANDARD = "gnu++14";
				CLANG_CXX_LIBRARY = "libc++";
				CLANG_ENABLE_MODULES = YES;
				CLANG_ENABLE_OBJC_ARC = YES;
				CLANG_WARN_BLOCK_CAPTURE_AUTORELEASING = YES;
				CLANG_WARN_BOOL_CONVERSION = YES;
				CLANG_WARN_COMMA = YES;
				CLANG_WARN_CONSTANT_CONVERSION = YES;
				CLANG_WARN_DIRECT_OBJC_ISA_USAGE = YES_ERROR;
				CLANG_WARN_DOCUMENTATION_COMMENTS = YES;
				CLANG_WARN_EMPTY_BODY = YES;
				CLANG_WARN_ENUM_CONVERSION = YES;
				CLANG_WARN_INFINITE_RECURSION = YES;
				CLANG_WARN_INT_CONVERSION = YES;
				CLANG_WARN_NON_LITERAL_NULL_CONVERSION = YES;
				CLANG_WARN_OBJC_LITERAL_CONVERSION = YES;
				CLANG_WARN_OBJC_ROOT_CLASS = YES_ERROR;
				CLANG_WARN_RANGE_LOOP_ANALYSIS = YES;
				CLANG_WARN_STRICT_PROTOTYPES = YES;
				CLANG_WARN_SUSPICIOUS_MOVE = YES;
				CLANG_WARN_UNGUARDED_AVAILABILITY = YES_AGGRESSIVE;
				CLANG_WARN_UNREACHABLE_CODE = YES;
				CLANG_WARN__DUPLICATE_METHOD_MATCH = YES;
				CODE_SIGN_IDENTITY = "iPhone Developer";
				COPY_PHASE_STRIP = NO;
				DEBUG_INFORMATION_FORMAT = "dwarf-with-dsym";
				ENABLE_NS_ASSERTIONS = NO;
				ENABLE_STRICT_OBJC_MSGSEND = YES;
				GCC_C_LANGUAGE_STANDARD = gnu11;
				GCC_NO_COMMON_BLOCKS = YES;
				GCC_WARN_64_TO_32_BIT_CONVERSION = YES;
				GCC_WARN_ABOUT_RETURN_TYPE = YES_ERROR;
				GCC_WARN_UNDECLARED_SELECTOR = YES;
				GCC_WARN_UNINITIALIZED_AUTOS = YES_AGGRESSIVE;
				GCC_WARN_UNUSED_FUNCTION = YES;
				GCC_WARN_UNUSED_VARIABLE = YES;
				IPHONEOS_DEPLOYMENT_TARGET = 11.1;
				MTL_ENABLE_DEBUG_INFO = NO;
				SDKROOT = iphoneos;
				SWIFT_OPTIMIZATION_LEVEL = "-Owholemodule";
				VALIDATE_PRODUCT = YES;
			};
			name = Release;
		};
		EBBF0D301FE7CCF900F937B7 /* Debug */ = {
			isa = XCBuildConfiguration;
			baseConfigurationReference = 01CC1EC9FAF09B069BCC452B /* Pods-Libike.debug.xcconfig */;
			buildSettings = {
				ASSETCATALOG_COMPILER_APPICON_NAME = AppIcon;
				CODE_SIGN_STYLE = Automatic;
				DEVELOPMENT_TEAM = 9328TRXNVP;
				INFOPLIST_FILE = Libike/Info.plist;
				LD_RUNPATH_SEARCH_PATHS = "$(inherited) @executable_path/Frameworks";
				PRODUCT_BUNDLE_IDENTIFIER = fr.clementvion.Libike;
				PRODUCT_NAME = "$(TARGET_NAME)";
				SWIFT_VERSION = 4.0;
				TARGETED_DEVICE_FAMILY = "1,2";
			};
			name = Debug;
		};
		EBBF0D311FE7CCF900F937B7 /* Release */ = {
			isa = XCBuildConfiguration;
			baseConfigurationReference = C004CE094EDB72292C111421 /* Pods-Libike.release.xcconfig */;
			buildSettings = {
				ASSETCATALOG_COMPILER_APPICON_NAME = AppIcon;
				CODE_SIGN_STYLE = Automatic;
				DEVELOPMENT_TEAM = 9328TRXNVP;
				INFOPLIST_FILE = Libike/Info.plist;
				LD_RUNPATH_SEARCH_PATHS = "$(inherited) @executable_path/Frameworks";
				PRODUCT_BUNDLE_IDENTIFIER = fr.clementvion.Libike;
				PRODUCT_NAME = "$(TARGET_NAME)";
				SWIFT_VERSION = 4.0;
				TARGETED_DEVICE_FAMILY = "1,2";
			};
			name = Release;
		};
/* End XCBuildConfiguration section */

/* Begin XCConfigurationList section */
		EBBF0D181FE7CCF900F937B7 /* Build configuration list for PBXProject "Libike" */ = {
			isa = XCConfigurationList;
			buildConfigurations = (
				EBBF0D2D1FE7CCF900F937B7 /* Debug */,
				EBBF0D2E1FE7CCF900F937B7 /* Release */,
			);
			defaultConfigurationIsVisible = 0;
			defaultConfigurationName = Release;
		};
		EBBF0D2F1FE7CCF900F937B7 /* Build configuration list for PBXNativeTarget "Libike" */ = {
			isa = XCConfigurationList;
			buildConfigurations = (
				EBBF0D301FE7CCF900F937B7 /* Debug */,
				EBBF0D311FE7CCF900F937B7 /* Release */,
			);
			defaultConfigurationIsVisible = 0;
			defaultConfigurationName = Release;
		};
/* End XCConfigurationList section */
	};
	rootObject = EBBF0D151FE7CCF900F937B7 /* Project object */;
}
